
Microsoft Visual Studio Solution File, Format Version 12.00
Project("{FAE04EC0-301F-11D3-BF4B-00C04F79EFBC}") = "Movie.Api", "Movie.Api\Movie.Api.csproj", "{3977682B-CB29-44A1-BBB2-B0FFB1B131A7}"
EndProject
Project("{2150E333-8FDC-42A3-9474-1A3956D46DE8}") = "Solution Items", "Solution Items", "{A9EB3576-7E50-4DE4-A1B6-5A971943C968}"
	ProjectSection(SolutionItems) = preProject
		compose.yaml = compose.yaml
	EndProjectSection
EndProject
Global
	GlobalSection(SolutionConfigurationPlatforms) = preSolution
		Debug|Any CPU = Debug|Any CPU
		Release|Any CPU = Release|Any CPU
	EndGlobalSection
	GlobalSection(ProjectConfigurationPlatforms) = postSolution
		{3977682B-CB29-44A1-BBB2-B0FFB1B131A7}.Debug|Any CPU.ActiveCfg = Debug|Any CPU
		{3977682B-CB29-44A1-BBB2-B0FFB1B131A7}.Debug|Any CPU.Build.0 = Debug|Any CPU
		{3977682B-CB29-44A1-BBB2-B0FFB1B131A7}.Release|Any CPU.ActiveCfg = Release|Any CPU
		{3977682B-CB29-44A1-BBB2-B0FFB1B131A7}.Release|Any CPU.Build.0 = Release|Any CPU
		{E138F638-DEF1-4FD5-A2E4-830EB9E6A8E5}.Debug|Any CPU.ActiveCfg = Debug|Any CPU
		{E138F638-DEF1-4FD5-A2E4-830EB9E6A8E5}.Debug|Any CPU.Build.0 = Debug|Any CPU
		{E138F638-DEF1-4FD5-A2E4-830EB9E6A8E5}.Release|Any CPU.ActiveCfg = Release|Any CPU
		{E138F638-DEF1-4FD5-A2E4-830EB9E6A8E5}.Release|Any CPU.Build.0 = Release|Any CPU
	EndGlobalSection
EndGlobal
